# THIS IS AN AUTOGENERATED FILE. DO NOT EDIT THIS FILE DIRECTLY.
# yarn lockfile v1


apollo-link-rest@^0.8.0-beta.0:
  version "0.8.0-beta.0"
  resolved "https://registry.yarnpkg.com/apollo-link-rest/-/apollo-link-rest-0.8.0-beta.0.tgz#435055d4bee82182c17974df5a9a606c4edf62a1"
  integrity sha512-+/cHVXz0jF4SOg3bIVPxCArnpp7ojwhLarT9MLzbAuoaI+Uq+pU9Ob8Xmq4BS3Z+mIdVmnrIyw8EvqEzP7RL0w==
